
Microsoft Visual Studio Solution File, Format Version 12.00
# Visual Studio Version 16
VisualStudioVersion = 16.0.31702.278
MinimumVisualStudioVersion = 10.0.40219.1
Project("{FAE04EC0-301F-11D3-BF4B-00C04F79EFBC}") = "ConsoleApp1", "ConsoleApp1\ConsoleApp1.csproj", "{63D33018-6BE0-4254-B294-F48E672E6E7E}"
EndProject
Global
	GlobalSection(SolutionConfigurationPlatforms) = preSolution
		Debug|Any CPU = Debug|Any CPU
		Release|Any CPU = Release|Any CPU
	EndGlobalSection
	GlobalSection(ProjectConfigurationPlatforms) = postSolution
		{63D33018-6BE0-4254-B294-F48E672E6E7E}.Debug|Any CPU.ActiveCfg = Debug|Any CPU
		{63D33018-6BE0-4254-B294-F48E672E6E7E}.Debug|Any CPU.Build.0 = Debug|Any CPU
		{63D33018-6BE0-4254-B294-F48E672E6E7E}.Release|Any CPU.ActiveCfg = Release|Any CPU
		{63D33018-6BE0-4254-B294-F48E672E6E7E}.Release|Any CPU.Build.0 = Release|Any CPU
	EndGlobalSection
	GlobalSection(SolutionProperties) = preSolution
		HideSolutionNode = FALSE
	EndGlobalSection
	GlobalSection(ExtensibilityGlobals) = postSolution
		SolutionGuid = {A0102BC6-0A40-4616-ABE1-0B1BB5725189}
	EndGlobalSection
EndGlobal
